
Microsoft Visual Studio Solution File, Format Version 12.00
# Visual Studio Version 16
VisualStudioVersion = 16.0.29102.190
MinimumVisualStudioVersion = 10.0.40219.1
Project("{8BC9CEB8-8B4A-11D0-8D11-00A0C91BC942}") = "FBRenderer", "FBRenderer.vcxproj", "{E58AEA2D-B89E-4F14-8D44-5465518A7C1B}"
EndProject
Project("{8BC9CEB8-8B4A-11D0-8D11-00A0C91BC942}") = "FBRendererTest", "FBRendererTest\FBRendererTest.vcxproj", "{5E84BDF1-AE12-4A04-BC01-D894C3E5B610}"
	ProjectSection(ProjectDependencies) = postProject
		{E58AEA2D-B89E-4F14-8D44-5465518A7C1B} = {E58AEA2D-B89E-4F14-8D44-5465518A7C1B}
	EndProjectSection
EndProject
Project("{8BC9CEB8-8B4A-11D0-8D11-00A0C91BC942}") = "FBRendererD3D12", "FBRendererD3D12\FBRendererD3D12.vcxproj", "{1EBD6B44-EA03-451A-A152-4E6EDA039570}"
EndProject
Project("{8BC9CEB8-8B4A-11D0-8D11-00A0C91BC942}") = "FBCommon", "..\FBCommon\FBCommon.vcxproj", "{4EE0898F-E6B9-4541-A3E3-20722B021929}"
EndProject
Project("{8BC9CEB8-8B4A-11D0-8D11-00A0C91BC942}") = "FBMathExt", "..\FBMathExt\FBMathExt.vcxproj", "{CCD1AAE7-399E-4324-AD73-BC8EE45689FE}"
EndProject
Project("{8BC9CEB8-8B4A-11D0-8D11-00A0C91BC942}") = "FBRenderAPI", "FBRenderAPI\FBRenderAPI.vcxproj", "{7E3ECC04-DB71-490B-B8E6-E9BEB767566F}"
EndProject
Project("{8BC9CEB8-8B4A-11D0-8D11-00A0C91BC942}") = "FBRenderAPI_DX12", "FBRenderAPI_DX12\FBRenderAPI_DX12.vcxproj", "{AEE0F96E-9CDE-4C9F-854C-1EFAFE60C42B}"
EndProject
Project("{8BC9CEB8-8B4A-11D0-8D11-00A0C91BC942}") = "FBRenderAPI_Vulkan", "FBRenderAPI_Vulkan\FBRenderAPI_Vulkan.vcxproj", "{49DD12A1-F2A0-4FB7-A817-99C026FEE945}"
EndProject
Project("{8BC9CEB8-8B4A-11D0-8D11-00A0C91BC942}") = "FBRenderAPI_Test", "FBRenderAPI_Test\FBRenderAPI_Test.vcxproj", "{F7F85ED5-0C97-4C1C-B380-384BCDFB0E66}"
	ProjectSection(ProjectDependencies) = postProject
		{AEE0F96E-9CDE-4C9F-854C-1EFAFE60C42B} = {AEE0F96E-9CDE-4C9F-854C-1EFAFE60C42B}
		{49DD12A1-F2A0-4FB7-A817-99C026FEE945} = {49DD12A1-F2A0-4FB7-A817-99C026FEE945}
	EndProjectSection
EndProject
Global
	GlobalSection(SolutionConfigurationPlatforms) = preSolution
		Debug_Client|x64 = Debug_Client|x64
		Debug_Client|x86 = Debug_Client|x86
		Debug|x64 = Debug|x64
		Debug|x86 = Debug|x86
		Release|x64 = Release|x64
		Release|x86 = Release|x86
	EndGlobalSection
	GlobalSection(ProjectConfigurationPlatforms) = postSolution
		{E58AEA2D-B89E-4F14-8D44-5465518A7C1B}.Debug_Client|x64.ActiveCfg = Debug|x64
		{E58AEA2D-B89E-4F14-8D44-5465518A7C1B}.Debug_Client|x64.Build.0 = Debug|x64
		{E58AEA2D-B89E-4F14-8D44-5465518A7C1B}.Debug_Client|x86.ActiveCfg = Debug|Win32
		{E58AEA2D-B89E-4F14-8D44-5465518A7C1B}.Debug_Client|x86.Build.0 = Debug|Win32
		{E58AEA2D-B89E-4F14-8D44-5465518A7C1B}.Debug|x64.ActiveCfg = Debug|x64
		{E58AEA2D-B89E-4F14-8D44-5465518A7C1B}.Debug|x64.Build.0 = Debug|x64
		{E58AEA2D-B89E-4F14-8D44-5465518A7C1B}.Debug|x86.ActiveCfg = Debug|Win32
		{E58AEA2D-B89E-4F14-8D44-5465518A7C1B}.Debug|x86.Build.0 = Debug|Win32
		{E58AEA2D-B89E-4F14-8D44-5465518A7C1B}.Release|x64.ActiveCfg = Release|x64
		{E58AEA2D-B89E-4F14-8D44-5465518A7C1B}.Release|x64.Build.0 = Release|x64
		{E58AEA2D-B89E-4F14-8D44-5465518A7C1B}.Release|x86.ActiveCfg = Release|Win32
		{E58AEA2D-B89E-4F14-8D44-5465518A7C1B}.Release|x86.Build.0 = Release|Win32
		{5E84BDF1-AE12-4A04-BC01-D894C3E5B610}.Debug_Client|x64.ActiveCfg = Debug|x64
		{5E84BDF1-AE12-4A04-BC01-D894C3E5B610}.Debug_Client|x86.ActiveCfg = Debug|Win32
		{5E84BDF1-AE12-4A04-BC01-D894C3E5B610}.Debug_Client|x86.Build.0 = Debug|Win32
		{5E84BDF1-AE12-4A04-BC01-D894C3E5B610}.Debug|x64.ActiveCfg = Debug|x64
		{5E84BDF1-AE12-4A04-BC01-D894C3E5B610}.Debug|x86.ActiveCfg = Debug|Win32
		{5E84BDF1-AE12-4A04-BC01-D894C3E5B610}.Debug|x86.Build.0 = Debug|Win32
		{5E84BDF1-AE12-4A04-BC01-D894C3E5B610}.Release|x64.ActiveCfg = Release|x64
		{5E84BDF1-AE12-4A04-BC01-D894C3E5B610}.Release|x86.ActiveCfg = Release|Win32
		{5E84BDF1-AE12-4A04-BC01-D894C3E5B610}.Release|x86.Build.0 = Release|Win32
		{1EBD6B44-EA03-451A-A152-4E6EDA039570}.Debug_Client|x64.ActiveCfg = Debug|x64
		{1EBD6B44-EA03-451A-A152-4E6EDA039570}.Debug_Client|x86.ActiveCfg = Debug|Win32
		{1EBD6B44-EA03-451A-A152-4E6EDA039570}.Debug_Client|x86.Build.0 = Debug|Win32
		{1EBD6B44-EA03-451A-A152-4E6EDA039570}.Debug|x64.ActiveCfg = Debug|x64
		{1EBD6B44-EA03-451A-A152-4E6EDA039570}.Debug|x86.ActiveCfg = Debug|Win32
		{1EBD6B44-EA03-451A-A152-4E6EDA039570}.Debug|x86.Build.0 = Debug|Win32
		{1EBD6B44-EA03-451A-A152-4E6EDA039570}.Release|x64.ActiveCfg = Release|x64
		{1EBD6B44-EA03-451A-A152-4E6EDA039570}.Release|x86.ActiveCfg = Release|Win32
		{1EBD6B44-EA03-451A-A152-4E6EDA039570}.Release|x86.Build.0 = Release|Win32
		{4EE0898F-E6B9-4541-A3E3-20722B021929}.Debug_Client|x64.ActiveCfg = Debug_Client|x64
		{4EE0898F-E6B9-4541-A3E3-20722B021929}.Debug_Client|x64.Build.0 = Debug_Client|x64
		{4EE0898F-E6B9-4541-A3E3-20722B021929}.Debug_Client|x86.ActiveCfg = Debug_Client|Win32
		{4EE0898F-E6B9-4541-A3E3-20722B021929}.Debug_Client|x86.Build.0 = Debug_Client|Win32
		{4EE0898F-E6B9-4541-A3E3-20722B021929}.Debug|x64.ActiveCfg = Debug|x64
		{4EE0898F-E6B9-4541-A3E3-20722B021929}.Debug|x64.Build.0 = Debug|x64
		{4EE0898F-E6B9-4541-A3E3-20722B021929}.Debug|x86.ActiveCfg = Debug|Win32
		{4EE0898F-E6B9-4541-A3E3-20722B021929}.Debug|x86.Build.0 = Debug|Win32
		{4EE0898F-E6B9-4541-A3E3-20722B021929}.Release|x64.ActiveCfg = Release|x64
		{4EE0898F-E6B9-4541-A3E3-20722B021929}.Release|x64.Build.0 = Release|x64
		{4EE0898F-E6B9-4541-A3E3-20722B021929}.Release|x86.ActiveCfg = Release|Win32
		{4EE0898F-E6B9-4541-A3E3-20722B021929}.Release|x86.Build.0 = Release|Win32
		{CCD1AAE7-399E-4324-AD73-BC8EE45689FE}.Debug_Client|x64.ActiveCfg = Debug|x64
		{CCD1AAE7-399E-4324-AD73-BC8EE45689FE}.Debug_Client|x64.Build.0 = Debug|x64
		{CCD1AAE7-399E-4324-AD73-BC8EE45689FE}.Debug_Client|x86.ActiveCfg = Debug|Win32
		{CCD1AAE7-399E-4324-AD73-BC8EE45689FE}.Debug_Client|x86.Build.0 = Debug|Win32
		{CCD1AAE7-399E-4324-AD73-BC8EE45689FE}.Debug|x64.ActiveCfg = Debug|x64
		{CCD1AAE7-399E-4324-AD73-BC8EE45689FE}.Debug|x64.Build.0 = Debug|x64
		{CCD1AAE7-399E-4324-AD73-BC8EE45689FE}.Debug|x86.ActiveCfg = Debug|Win32
		{CCD1AAE7-399E-4324-AD73-BC8EE45689FE}.Debug|x86.Build.0 = Debug|Win32
		{CCD1AAE7-399E-4324-AD73-BC8EE45689FE}.Release|x64.ActiveCfg = Release|x64
		{CCD1AAE7-399E-4324-AD73-BC8EE45689FE}.Release|x64.Build.0 = Release|x64
		{CCD1AAE7-399E-4324-AD73-BC8EE45689FE}.Release|x86.ActiveCfg = Release|Win32
		{CCD1AAE7-399E-4324-AD73-BC8EE45689FE}.Release|x86.Build.0 = Release|Win32
		{7E3ECC04-DB71-490B-B8E6-E9BEB767566F}.Debug_Client|x64.ActiveCfg = Debug|x64
		{7E3ECC04-DB71-490B-B8E6-E9BEB767566F}.Debug_Client|x64.Build.0 = Debug|x64
		{7E3ECC04-DB71-490B-B8E6-E9BEB767566F}.Debug_Client|x86.ActiveCfg = Debug|Win32
		{7E3ECC04-DB71-490B-B8E6-E9BEB767566F}.Debug_Client|x86.Build.0 = Debug|Win32
		{7E3ECC04-DB71-490B-B8E6-E9BEB767566F}.Debug|x64.ActiveCfg = Debug|x64
		{7E3ECC04-DB71-490B-B8E6-E9BEB767566F}.Debug|x64.Build.0 = Debug|x64
		{7E3ECC04-DB71-490B-B8E6-E9BEB767566F}.Debug|x86.ActiveCfg = Debug|Win32
		{7E3ECC04-DB71-490B-B8E6-E9BEB767566F}.Debug|x86.Build.0 = Debug|Win32
		{7E3ECC04-DB71-490B-B8E6-E9BEB767566F}.Release|x64.ActiveCfg = Release|x64
		{7E3ECC04-DB71-490B-B8E6-E9BEB767566F}.Release|x64.Build.0 = Release|x64
		{7E3ECC04-DB71-490B-B8E6-E9BEB767566F}.Release|x86.ActiveCfg = Release|Win32
		{7E3ECC04-DB71-490B-B8E6-E9BEB767566F}.Release|x86.Build.0 = Release|Win32
		{AEE0F96E-9CDE-4C9F-854C-1EFAFE60C42B}.Debug_Client|x64.ActiveCfg = Debug|x64
		{AEE0F96E-9CDE-4C9F-854C-1EFAFE60C42B}.Debug_Client|x64.Build.0 = Debug|x64
		{AEE0F96E-9CDE-4C9F-854C-1EFAFE60C42B}.Debug_Client|x86.ActiveCfg = Debug|Win32
		{AEE0F96E-9CDE-4C9F-854C-1EFAFE60C42B}.Debug_Client|x86.Build.0 = Debug|Win32
		{AEE0F96E-9CDE-4C9F-854C-1EFAFE60C42B}.Debug|x64.ActiveCfg = Debug|x64
		{AEE0F96E-9CDE-4C9F-854C-1EFAFE60C42B}.Debug|x64.Build.0 = Debug|x64
		{AEE0F96E-9CDE-4C9F-854C-1EFAFE60C42B}.Debug|x86.ActiveCfg = Debug|Win32
		{AEE0F96E-9CDE-4C9F-854C-1EFAFE60C42B}.Debug|x86.Build.0 = Debug|Win32
		{AEE0F96E-9CDE-4C9F-854C-1EFAFE60C42B}.Release|x64.ActiveCfg = Release|x64
		{AEE0F96E-9CDE-4C9F-854C-1EFAFE60C42B}.Release|x64.Build.0 = Release|x64
		{AEE0F96E-9CDE-4C9F-854C-1EFAFE60C42B}.Release|x86.ActiveCfg = Release|Win32
		{AEE0F96E-9CDE-4C9F-854C-1EFAFE60C42B}.Release|x86.Build.0 = Release|Win32
		{49DD12A1-F2A0-4FB7-A817-99C026FEE945}.Debug_Client|x64.ActiveCfg = Debug|x64
		{49DD12A1-F2A0-4FB7-A817-99C026FEE945}.Debug_Client|x64.Build.0 = Debug|x64
		{49DD12A1-F2A0-4FB7-A817-99C026FEE945}.Debug_Client|x86.ActiveCfg = Debug|Win32
		{49DD12A1-F2A0-4FB7-A817-99C026FEE945}.Debug_Client|x86.Build.0 = Debug|Win32
		{49DD12A1-F2A0-4FB7-A817-99C026FEE945}.Debug|x64.ActiveCfg = Debug|x64
		{49DD12A1-F2A0-4FB7-A817-99C026FEE945}.Debug|x64.Build.0 = Debug|x64
		{49DD12A1-F2A0-4FB7-A817-99C026FEE945}.Debug|x86.ActiveCfg = Debug|Win32
		{49DD12A1-F2A0-4FB7-A817-99C026FEE945}.Debug|x86.Build.0 = Debug|Win32
		{49DD12A1-F2A0-4FB7-A817-99C026FEE945}.Release|x64.ActiveCfg = Release|x64
		{49DD12A1-F2A0-4FB7-A817-99C026FEE945}.Release|x64.Build.0 = Release|x64
		{49DD12A1-F2A0-4FB7-A817-99C026FEE945}.Release|x86.ActiveCfg = Release|Win32
		{49DD12A1-F2A0-4FB7-A817-99C026FEE945}.Release|x86.Build.0 = Release|Win32
		{F7F85ED5-0C97-4C1C-B380-384BCDFB0E66}.Debug_Client|x64.ActiveCfg = Debug|x64
		{F7F85ED5-0C97-4C1C-B380-384BCDFB0E66}.Debug_Client|x64.Build.0 = Debug|x64
		{F7F85ED5-0C97-4C1C-B380-384BCDFB0E66}.Debug_Client|x86.ActiveCfg = Debug|Win32
		{F7F85ED5-0C97-4C1C-B380-384BCDFB0E66}.Debug_Client|x86.Build.0 = Debug|Win32
		{F7F85ED5-0C97-4C1C-B380-384BCDFB0E66}.Debug|x64.ActiveCfg = Debug|x64
		{F7F85ED5-0C97-4C1C-B380-384BCDFB0E66}.Debug|x64.Build.0 = Debug|x64
		{F7F85ED5-0C97-4C1C-B380-384BCDFB0E66}.Debug|x86.ActiveCfg = Debug|Win32
		{F7F85ED5-0C97-4C1C-B380-384BCDFB0E66}.Debug|x86.Build.0 = Debug|Win32
		{F7F85ED5-0C97-4C1C-B380-384BCDFB0E66}.Release|x64.ActiveCfg = Release|x64
		{F7F85ED5-0C97-4C1C-B380-384BCDFB0E66}.Release|x64.Build.0 = Release|x64
		{F7F85ED5-0C97-4C1C-B380-384BCDFB0E66}.Release|x86.ActiveCfg = Release|Win32
		{F7F85ED5-0C97-4C1C-B380-384BCDFB0E66}.Release|x86.Build.0 = Release|Win32
	EndGlobalSection
	GlobalSection(SolutionProperties) = preSolution
		HideSolutionNode = FALSE
	EndGlobalSection
	GlobalSection(ExtensibilityGlobals) = postSolution
		SolutionGuid = {DA4D717F-A815-4156-A6FA-587CFD61FE32}
	EndGlobalSection
EndGlobal
